// !$*UTF8*$!
{
	archiveVersion = 1;
	classes = {
	};
	objectVersion = 50;
	objects = {

/* Begin PBXBuildFile section */
		C8940782218755CF00B49D1B /* AppDelegate.swift in Sources */ = {isa = PBXBuildFile; fileRef = C8940781218755CF00B49D1B /* AppDelegate.swift */; };
		C8940787218755CF00B49D1B /* Main.storyboard in Resources */ = {isa = PBXBuildFile; fileRef = C8940785218755CF00B49D1B /* Main.storyboard */; };
		C8940789218755D300B49D1B /* Assets.xcassets in Resources */ = {isa = PBXBuildFile; fileRef = C8940788218755D300B49D1B /* Assets.xcassets */; };
		C894078C218755D300B49D1B /* LaunchScreen.storyboard in Resources */ = {isa = PBXBuildFile; fileRef = C894078A218755D300B49D1B /* LaunchScreen.storyboard */; };
		C894079421875D0300B49D1B /* LibraryViewController.swift in Sources */ = {isa = PBXBuildFile; fileRef = C894079321875D0300B49D1B /* LibraryViewController.swift */; };
		C8940796218777B600B49D1B /* Game.swift in Sources */ = {isa = PBXBuildFile; fileRef = C8940795218777B600B49D1B /* Game.swift */; };
		C894079821877D6B00B49D1B /* Library.swift in Sources */ = {isa = PBXBuildFile; fileRef = C894079721877D6B00B49D1B /* Library.swift */; };
		C894079A218785A300B49D1B /* AddGameViewController.swift in Sources */ = {isa = PBXBuildFile; fileRef = C8940799218785A300B49D1B /* AddGameViewController.swift */; };
/* End PBXBuildFile section */

/* Begin PBXFileReference section */
		C894077E218755CF00B49D1B /* VideoGameLibrary.app */ = {isa = PBXFileReference; explicitFileType = wrapper.application; includeInIndex = 0; path = VideoGameLibrary.app; sourceTree = BUILT_PRODUCTS_DIR; };
		C8940781218755CF00B49D1B /* AppDelegate.swift */ = {isa = PBXFileReference; lastKnownFileType = sourcecode.swift; path = AppDelegate.swift; sourceTree = "<group>"; };
		C8940786218755CF00B49D1B /* Base */ = {isa = PBXFileReference; lastKnownFileType = file.storyboard; name = Base; path = Base.lproj/Main.storyboard; sourceTree = "<group>"; };
		C8940788218755D300B49D1B /* Assets.xcassets */ = {isa = PBXFileReference; lastKnownFileType = folder.assetcatalog; path = Assets.xcassets; sourceTree = "<group>"; };
		C894078B218755D300B49D1B /* Base */ = {isa = PBXFileReference; lastKnownFileType = file.storyboard; name = Base; path = Base.lproj/LaunchScreen.storyboard; sourceTree = "<group>"; };
		C894078D218755D300B49D1B /* Info.plist */ = {isa = PBXFileReference; lastKnownFileType = text.plist.xml; path = Info.plist; sourceTree = "<group>"; };
		C894079321875D0300B49D1B /* LibraryViewController.swift */ = {isa = PBXFileReference; lastKnownFileType = sourcecode.swift; path = LibraryViewController.swift; sourceTree = "<group>"; };
		C8940795218777B600B49D1B /* Game.swift */ = {isa = PBXFileReference; lastKnownFileType = sourcecode.swift; path = Game.swift; sourceTree = "<group>"; };
		C894079721877D6B00B49D1B /* Library.swift */ = {isa = PBXFileReference; lastKnownFileType = sourcecode.swift; path = Library.swift; sourceTree = "<group>"; };
		C8940799218785A300B49D1B /* AddGameViewController.swift */ = {isa = PBXFileReference; lastKnownFileType = sourcecode.swift; path = AddGameViewController.swift; sourceTree = "<group>"; };
/* End PBXFileReference section */

/* Begin PBXFrameworksBuildPhase section */
		C894077B218755CF00B49D1B /* Frameworks */ = {
			isa = PBXFrameworksBuildPhase;
			buildActionMask = 2147483647;
			files = (
			);
			runOnlyForDeploymentPostprocessing = 0;
		};
/* End PBXFrameworksBuildPhase section */

/* Begin PBXGroup section */
		C8940775218755CF00B49D1B = {
			isa = PBXGroup;
			children = (
				C8940780218755CF00B49D1B /* VideoGameLibrary */,
				C894077F218755CF00B49D1B /* Products */,
			);
			sourceTree = "<group>";
		};
		C894077F218755CF00B49D1B /* Products */ = {
			isa = PBXGroup;
			children = (
				C894077E218755CF00B49D1B /* VideoGameLibrary.app */,
			);
			name = Products;
			sourceTree = "<group>";
		};
		C8940780218755CF00B49D1B /* VideoGameLibrary */ = {
			isa = PBXGroup;
			children = (
				C894079321875D0300B49D1B /* LibraryViewController.swift */,
				C8940785218755CF00B49D1B /* Main.storyboard */,
				C8940788218755D300B49D1B /* Assets.xcassets */,
				C894079721877D6B00B49D1B /* Library.swift */,
				C894078A218755D300B49D1B /* LaunchScreen.storyboard */,
				C8940799218785A300B49D1B /* AddGameViewController.swift */,
				C8940795218777B600B49D1B /* Game.swift */,
				C8940781218755CF00B49D1B /* AppDelegate.swift */,
				C894078D218755D300B49D1B /* Info.plist */,
			);
			path = VideoGameLibrary;
			sourceTree = "<group>";
		};
/* End PBXGroup section */

/* Begin PBXNativeTarget section */
		C894077D218755CF00B49D1B /* VideoGameLibrary */ = {
			isa = PBXNativeTarget;
			buildConfigurationList = C8940790218755D300B49D1B /* Build configuration list for PBXNativeTarget "VideoGameLibrary" */;
			buildPhases = (
				C894077A218755CF00B49D1B /* Sources */,
				C894077B218755CF00B49D1B /* Frameworks */,
				C894077C218755CF00B49D1B /* Resources */,
			);
			buildRules = (
			);
			dependencies = (
			);
			name = VideoGameLibrary;
			productName = VideoGameLibrary;
			productReference = C894077E218755CF00B49D1B /* VideoGameLibrary.app */;
			productType = "com.apple.product-type.application";
		};
/* End PBXNativeTarget section */

/* Begin PBXProject section */
		C8940776218755CF00B49D1B /* Project object */ = {
			isa = PBXProject;
			attributes = {
				KnownAssetTags = (
					"NGS;ZR",
				);
				LastSwiftUpdateCheck = 1000;
				LastUpgradeCheck = 1000;
				ORGANIZATIONNAME = "Aaron Fisher";
				TargetAttributes = {
					C894077D218755CF00B49D1B = {
						CreatedOnToolsVersion = 10.0;
					};
				};
			};
			buildConfigurationList = C8940779218755CF00B49D1B /* Build configuration list for PBXProject "VideoGameLibrary" */;
			compatibilityVersion = "Xcode 9.3";
			developmentRegion = en;
			hasScannedForEncodings = 0;
			knownRegions = (
				en,
				Base,
			);
			mainGroup = C8940775218755CF00B49D1B;
			productRefGroup = C894077F218755CF00B49D1B /* Products */;
			projectDirPath = "";
			projectRoot = "";
			targets = (
				C894077D218755CF00B49D1B /* VideoGameLibrary */,
			);
		};
/* End PBXProject section */

/* Begin PBXResourcesBuildPhase section */
		C894077C218755CF00B49D1B /* Resources */ = {
			isa = PBXResourcesBuildPhase;
			buildActionMask = 2147483647;
			files = (
				C894078C218755D300B49D1B /* LaunchScreen.storyboard in Resources */,
				C8940789218755D300B49D1B /* Assets.xcassets in Resources */,
				C8940787218755CF00B49D1B /* Main.storyboard in Resources */,
			);
			runOnlyForDeploymentPostprocessing = 0;
		};
/* End PBXResourcesBuildPhase section */

/* Begin PBXSourcesBuildPhase section */
		C894077A218755CF00B49D1B /* Sources */ = {
			isa = PBXSourcesBuildPhase;
			buildActionMask = 2147483647;
			files = (
				C894079A218785A300B49D1B /* AddGameViewController.swift in Sources */,
				C894079421875D0300B49D1B /* LibraryViewController.swift in Sources */,
				C894079821877D6B00B49D1B /* Library.swift in Sources */,
				C8940796218777B600B49D1B /* Game.swift in Sources */,
				C8940782218755CF00B49D1B /* AppDelegate.swift in Sources */,
			);
			runOnlyForDeploymentPostprocessing = 0;
		};
/* End PBXSourcesBuildPhase section */

/* Begin PBXVariantGroup section */
		C8940785218755CF00B49D1B /* Main.storyboard */ = {
			isa = PBXVariantGroup;
			children = (
				C8940786218755CF00B49D1B /* Base */,
			);
			name = Main.storyboard;
			sourceTree = "<group>";
		};
		C894078A218755D300B49D1B /* LaunchScreen.storyboard */ = {
			isa = PBXVariantGroup;
			children = (
				C894078B218755D300B49D1B /* Base */,
			);
			name = LaunchScreen.storyboard;
			sourceTree = "<group>";
		};
/* End PBXVariantGroup section */

/* Begin XCBuildConfiguration section */
		C894078E218755D300B49D1B /* Debug */ = {
			isa = XCBuildConfiguration;
			buildSettings = {
				ALWAYS_SEARCH_USER_PATHS = NO;
				CLANG_ANALYZER_NONNULL = YES;
				CLANG_ANALYZER_NUMBER_OBJECT_CONVERSION = YES_AGGRESSIVE;
				CLANG_CXX_LANGUAGE_STANDARD = "gnu++14";
				CLANG_CXX_LIBRARY = "libc++";
				CLANG_ENABLE_MODULES = YES;
				CLANG_ENABLE_OBJC_ARC = YES;
				CLANG_ENABLE_OBJC_WEAK = YES;
				CLANG_WARN_BLOCK_CAPTURE_AUTORELEASING = YES;
				CLANG_WARN_BOOL_CONVERSION = YES;
				CLANG_WARN_COMMA = YES;
				CLANG_WARN_CONSTANT_CONVERSION = YES;
				CLANG_WARN_DEPRECATED_OBJC_IMPLEMENTATIONS = YES;
				CLANG_WARN_DIRECT_OBJC_ISA_USAGE = YES_ERROR;
				CLANG_WARN_DOCUMENTATION_COMMENTS = YES;
				CLANG_WARN_EMPTY_BODY = YES;
				CLANG_WARN_ENUM_CONVERSION = YES;
				CLANG_WARN_INFINITE_RECURSION = YES;
				CLANG_WARN_INT_CONVERSION = YES;
				CLANG_WARN_NON_LITERAL_NULL_CONVERSION = YES;
				CLANG_WARN_OBJC_IMPLICIT_RETAIN_SELF = YES;
				CLANG_WARN_OBJC_LITERAL_CONVERSION = YES;
				CLANG_WARN_OBJC_ROOT_CLASS = YES_ERROR;
				CLANG_WARN_RANGE_LOOP_ANALYSIS = YES;
				CLANG_WARN_STRICT_PROTOTYPES = YES;
				CLANG_WARN_SUSPICIOUS_MOVE = YES;
				CLANG_WARN_UNGUARDED_AVAILABILITY = YES_AGGRESSIVE;
				CLANG_WARN_UNREACHABLE_CODE = YES;
				CLANG_WARN__DUPLICATE_METHOD_MATCH = YES;
				CODE_SIGN_IDENTITY = "iPhone Developer";
				COPY_PHASE_STRIP = NO;
				DEBUG_INFORMATION_FORMAT = dwarf;
				ENABLE_STRICT_OBJC_MSGSEND = YES;
				ENABLE_TESTABILITY = YES;
				GCC_C_LANGUAGE_STANDARD = gnu11;
				GCC_DYNAMIC_NO_PIC = NO;
				GCC_NO_COMMON_BLOCKS = YES;
				GCC_OPTIMIZATION_LEVEL = 0;
				GCC_PREPROCESSOR_DEFINITIONS = (
					"DEBUG=1",
					"$(inherited)",
				);
				GCC_WARN_64_TO_32_BIT_CONVERSION = YES;
				GCC_WARN_ABOUT_RETURN_TYPE = YES_ERROR;
				GCC_WARN_UNDECLARED_SELECTOR = YES;
				GCC_WARN_UNINITIALIZED_AUTOS = YES_AGGRESSIVE;
				GCC_WARN_UNUSED_FUNCTION = YES;
				GCC_WARN_UNUSED_VARIABLE = YES;
				IPHONEOS_DEPLOYMENT_TARGET = 12.0;
				MTL_ENABLE_DEBUG_INFO = INCLUDE_SOURCE;
				MTL_FAST_MATH = YES;
				ONLY_ACTIVE_ARCH = YES;
				SDKROOT = iphoneos;
				SWIFT_ACTIVE_COMPILATION_CONDITIONS = DEBUG;
				SWIFT_OPTIMIZATION_LEVEL = "-Onone";
			};
			name = Debug;
		};
		C894078F218755D300B49D1B /* Release */ = {
			isa = XCBuildConfiguration;
			buildSettings = {
				ALWAYS_SEARCH_USER_PATHS = NO;
				CLANG_ANALYZER_NONNULL = YES;
				CLANG_ANALYZER_NUMBER_OBJECT_CONVERSION = YES_AGGRESSIVE;
				CLANG_CXX_LANGUAGE_STANDARD = "gnu++14";
				CLANG_CXX_LIBRARY = "libc++";
				CLANG_ENABLE_MODULES = YES;
				CLANG_ENABLE_OBJC_ARC = YES;
				CLANG_ENABLE_OBJC_WEAK = YES;
				CLANG_WARN_BLOCK_CAPTURE_AUTORELEASING = YES;
				CLANG_WARN_BOOL_CONVERSION = YES;
				CLANG_WARN_COMMA = YES;
				CLANG_WARN_CONSTANT_CONVERSION = YES;
				CLANG_WARN_DEPRECATED_OBJC_IMPLEMENTATIONS = YES;
				CLANG_WARN_DIRECT_OBJC_ISA_USAGE = YES_ERROR;
				CLANG_WARN_DOCUMENTATION_COMMENTS = YES;
				CLANG_WARN_EMPTY_BODY = YES;
				CLANG_WARN_ENUM_CONVERSION = YES;
				CLANG_WARN_INFINITE_RECURSION = YES;
				CLANG_WARN_INT_CONVERSION = YES;
				CLANG_WARN_NON_LITERAL_NULL_CONVERSION = YES;
				CLANG_WARN_OBJC_IMPLICIT_RETAIN_SELF = YES;
				CLANG_WARN_OBJC_LITERAL_CONVERSION = YES;
				CLANG_WARN_OBJC_ROOT_CLASS = YES_ERROR;
				CLANG_WARN_RANGE_LOOP_ANALYSIS = YES;
				CLANG_WARN_STRICT_PROTOTYPES = YES;
				CLANG_WARN_SUSPICIOUS_MOVE = YES;
				CLANG_WARN_UNGUARDED_AVAILABILITY = YES_AGGRESSIVE;
				CLANG_WARN_UNREACHABLE_CODE = YES;
				CLANG_WARN__DUPLICATE_METHOD_MATCH = YES;
				CODE_SIGN_IDENTITY = "iPhone Developer";
				COPY_PHASE_STRIP = NO;
				DEBUG_INFORMATION_FORMAT = "dwarf-with-dsym";
				ENABLE_NS_ASSERTIONS = NO;
				ENABLE_STRICT_OBJC_MSGSEND = YES;
				GCC_C_LANGUAGE_STANDARD = gnu11;
				GCC_NO_COMMON_BLOCKS = YES;
				GCC_WARN_64_TO_32_BIT_CONVERSION = YES;
				GCC_WARN_ABOUT_RETURN_TYPE = YES_ERROR;
				GCC_WARN_UNDECLARED_SELECTOR = YES;
				GCC_WARN_UNINITIALIZED_AUTOS = YES_AGGRESSIVE;
				GCC_WARN_UNUSED_FUNCTION = YES;
				GCC_WARN_UNUSED_VARIABLE = YES;
				IPHONEOS_DEPLOYMENT_TARGET = 12.0;
				MTL_ENABLE_DEBUG_INFO = NO;
				MTL_FAST_MATH = YES;
				SDKROOT = iphoneos;
				SWIFT_COMPILATION_MODE = wholemodule;
				SWIFT_OPTIMIZATION_LEVEL = "-O";
				VALIDATE_PRODUCT = YES;
			};
			name = Release;
		};
		C8940791218755D300B49D1B /* Debug */ = {
			isa = XCBuildConfiguration;
			buildSettings = {
				ASSETCATALOG_COMPILER_APPICON_NAME = AppIcon;
				CODE_SIGN_STYLE = Automatic;
				INFOPLIST_FILE = VideoGameLibrary/Info.plist;
				LD_RUNPATH_SEARCH_PATHS = (
					"$(inherited)",
					"@executable_path/Frameworks",
				);
				PRODUCT_BUNDLE_IDENTIFIER = com.AaronFisher.VideoGameLibrary;
				PRODUCT_NAME = "$(TARGET_NAME)";
				SWIFT_VERSION = 4.2;
				TARGETED_DEVICE_FAMILY = "1,2";
			};
			name = Debug;
		};
		C8940792218755D300B49D1B /* Release */ = {
			isa = XCBuildConfiguration;
			buildSettings = {
				ASSETCATALOG_COMPILER_APPICON_NAME = AppIcon;
				CODE_SIGN_STYLE = Automatic;
				INFOPLIST_FILE = VideoGameLibrary/Info.plist;
				LD_RUNPATH_SEARCH_PATHS = (
					"$(inherited)",
					"@executable_path/Frameworks",
				);
				PRODUCT_BUNDLE_IDENTIFIER = com.AaronFisher.VideoGameLibrary;
				PRODUCT_NAME = "$(TARGET_NAME)";
				SWIFT_VERSION = 4.2;
				TARGETED_DEVICE_FAMILY = "1,2";
			};
			name = Release;
		};
/* End XCBuildConfiguration section */

/* Begin XCConfigurationList section */
		C8940779218755CF00B49D1B /* Build configuration list for PBXProject "VideoGameLibrary" */ = {
			isa = XCConfigurationList;
			buildConfigurations = (
				C894078E218755D300B49D1B /* Debug */,
				C894078F218755D300B49D1B /* Release */,
			);
			defaultConfigurationIsVisible = 0;
			defaultConfigurationName = Release;
		};
		C8940790218755D300B49D1B /* Build configuration list for PBXNativeTarget "VideoGameLibrary" */ = {
			isa = XCConfigurationList;
			buildConfigurations = (
				C8940791218755D300B49D1B /* Debug */,
				C8940792218755D300B49D1B /* Release */,
			);
			defaultConfigurationIsVisible = 0;
			defaultConfigurationName = Release;
		};
/* End XCConfigurationList section */
	};
	rootObject = C8940776218755CF00B49D1B /* Project object */;
}
